
Microsoft Visual Studio Solution File, Format Version 12.00
# Visual Studio Version 17
VisualStudioVersion = 17.5.33627.172
MinimumVisualStudioVersion = 10.0.40219.1
Project("{FAE04EC0-301F-11D3-BF4B-00C04F79EFBC}") = "pryControlesBasicosReboriRenzo", "pryControlesBasicosReboriRenzo\pryControlesBasicosReboriRenzo.csproj", "{10143C8E-4129-4A87-9A68-8D1A9F5ECD19}"
EndProject
Global
	GlobalSection(SolutionConfigurationPlatforms) = preSolution
		Debug|Any CPU = Debug|Any CPU
		Release|Any CPU = Release|Any CPU
	EndGlobalSection
	GlobalSection(ProjectConfigurationPlatforms) = postSolution
		{10143C8E-4129-4A87-9A68-8D1A9F5ECD19}.Debug|Any CPU.ActiveCfg = Debug|Any CPU
		{10143C8E-4129-4A87-9A68-8D1A9F5ECD19}.Debug|Any CPU.Build.0 = Debug|Any CPU
		{10143C8E-4129-4A87-9A68-8D1A9F5ECD19}.Release|Any CPU.ActiveCfg = Release|Any CPU
		{10143C8E-4129-4A87-9A68-8D1A9F5ECD19}.Release|Any CPU.Build.0 = Release|Any CPU
	EndGlobalSection
	GlobalSection(SolutionProperties) = preSolution
		HideSolutionNode = FALSE
	EndGlobalSection
	GlobalSection(ExtensibilityGlobals) = postSolution
		SolutionGuid = {86C0C667-7505-457D-BC8D-0AB337FF9D01}
	EndGlobalSection
EndGlobal
